
Microsoft Visual Studio Solution File, Format Version 12.00
# Visual Studio Version 17
VisualStudioVersion = 17.11.34909.67
MinimumVisualStudioVersion = 10.0.40219.1
Project("{FAE04EC0-301F-11D3-BF4B-00C04F79EFBC}") = "HalloTPL", "HalloTPL\HalloTPL.csproj", "{70F68D95-D05D-44C2-ABC9-0EA6107CFE78}"
EndProject
Global
	GlobalSection(SolutionConfigurationPlatforms) = preSolution
		Debug|Any CPU = Debug|Any CPU
		Release|Any CPU = Release|Any CPU
	EndGlobalSection
	GlobalSection(ProjectConfigurationPlatforms) = postSolution
		{70F68D95-D05D-44C2-ABC9-0EA6107CFE78}.Debug|Any CPU.ActiveCfg = Debug|Any CPU
		{70F68D95-D05D-44C2-ABC9-0EA6107CFE78}.Debug|Any CPU.Build.0 = Debug|Any CPU
		{70F68D95-D05D-44C2-ABC9-0EA6107CFE78}.Release|Any CPU.ActiveCfg = Release|Any CPU
		{70F68D95-D05D-44C2-ABC9-0EA6107CFE78}.Release|Any CPU.Build.0 = Release|Any CPU
	EndGlobalSection
	GlobalSection(SolutionProperties) = preSolution
		HideSolutionNode = FALSE
	EndGlobalSection
	GlobalSection(ExtensibilityGlobals) = postSolution
		SolutionGuid = {B4D36E37-B272-4EBE-8747-19725C777AC0}
	EndGlobalSection
EndGlobal
