
Microsoft Visual Studio Solution File, Format Version 12.00
# Visual Studio Version 17
VisualStudioVersion = 17.11.34909.67
MinimumVisualStudioVersion = 10.0.40219.1
Project("{FAE04EC0-301F-11D3-BF4B-00C04F79EFBC}") = "HalloReflection.Calculator", "HalloReflection.Calculator\HalloReflection.Calculator.csproj", "{4721238E-23A5-4095-A90D-451D1FE80E6D}"
EndProject
Global
	GlobalSection(SolutionConfigurationPlatforms) = preSolution
		Debug|Any CPU = Debug|Any CPU
		Release|Any CPU = Release|Any CPU
	EndGlobalSection
	GlobalSection(ProjectConfigurationPlatforms) = postSolution
		{4721238E-23A5-4095-A90D-451D1FE80E6D}.Debug|Any CPU.ActiveCfg = Debug|Any CPU
		{4721238E-23A5-4095-A90D-451D1FE80E6D}.Debug|Any CPU.Build.0 = Debug|Any CPU
		{4721238E-23A5-4095-A90D-451D1FE80E6D}.Release|Any CPU.ActiveCfg = Release|Any CPU
		{4721238E-23A5-4095-A90D-451D1FE80E6D}.Release|Any CPU.Build.0 = Release|Any CPU
	EndGlobalSection
	GlobalSection(SolutionProperties) = preSolution
		HideSolutionNode = FALSE
	EndGlobalSection
	GlobalSection(ExtensibilityGlobals) = postSolution
		SolutionGuid = {453C1C54-696C-4E4A-9808-69348B755475}
	EndGlobalSection
EndGlobal
